
Microsoft Visual Studio Solution File, Format Version 12.00
# Visual Studio 15
VisualStudioVersion = 15.0.27130.2003
MinimumVisualStudioVersion = 10.0.40219.1
Project("{FAE04EC0-301F-11D3-BF4B-00C04F79EFBC}") = "Shaoqi.Blog.Web", "Shaoqi.Blog.Web\Shaoqi.Blog.Web.csproj", "{D3DFEFE4-2A77-45EA-A716-B893D6051928}"
EndProject
Project("{FAE04EC0-301F-11D3-BF4B-00C04F79EFBC}") = "Shaoqi.Blog.Service", "Shaoqi.Blog.Service\Shaoqi.Blog.Service.csproj", "{771C4C51-13B6-48EF-A5F8-AD023EE4CF83}"
EndProject
Project("{FAE04EC0-301F-11D3-BF4B-00C04F79EFBC}") = "Shaoqi.Blog.BF", "Shaoqi.Blog.BF\Shaoqi.Blog.BF.csproj", "{CDD87587-38C6-43E3-A2DC-D9973BF11214}"
EndProject
Project("{FAE04EC0-301F-11D3-BF4B-00C04F79EFBC}") = "Shaoqi.Blog.DA", "Shaoqi.Blog.DA\Shaoqi.Blog.DA.csproj", "{789405B0-97B8-4F09-8434-9185D785BA5C}"
EndProject
Project("{FAE04EC0-301F-11D3-BF4B-00C04F79EFBC}") = "Shaoqi.Blog.Data", "Shaoqi.Blog.Date\Shaoqi.Blog.Data.csproj", "{158B901D-E3BE-478C-8C41-9160EBA5D84C}"
EndProject
Global
	GlobalSection(SolutionConfigurationPlatforms) = preSolution
		Debug|Any CPU = Debug|Any CPU
		Release|Any CPU = Release|Any CPU
	EndGlobalSection
	GlobalSection(ProjectConfigurationPlatforms) = postSolution
		{D3DFEFE4-2A77-45EA-A716-B893D6051928}.Debug|Any CPU.ActiveCfg = Debug|Any CPU
		{D3DFEFE4-2A77-45EA-A716-B893D6051928}.Debug|Any CPU.Build.0 = Debug|Any CPU
		{D3DFEFE4-2A77-45EA-A716-B893D6051928}.Release|Any CPU.ActiveCfg = Release|Any CPU
		{D3DFEFE4-2A77-45EA-A716-B893D6051928}.Release|Any CPU.Build.0 = Release|Any CPU
		{771C4C51-13B6-48EF-A5F8-AD023EE4CF83}.Debug|Any CPU.ActiveCfg = Debug|Any CPU
		{771C4C51-13B6-48EF-A5F8-AD023EE4CF83}.Debug|Any CPU.Build.0 = Debug|Any CPU
		{771C4C51-13B6-48EF-A5F8-AD023EE4CF83}.Release|Any CPU.ActiveCfg = Release|Any CPU
		{771C4C51-13B6-48EF-A5F8-AD023EE4CF83}.Release|Any CPU.Build.0 = Release|Any CPU
		{CDD87587-38C6-43E3-A2DC-D9973BF11214}.Debug|Any CPU.ActiveCfg = Debug|Any CPU
		{CDD87587-38C6-43E3-A2DC-D9973BF11214}.Debug|Any CPU.Build.0 = Debug|Any CPU
		{CDD87587-38C6-43E3-A2DC-D9973BF11214}.Release|Any CPU.ActiveCfg = Release|Any CPU
		{CDD87587-38C6-43E3-A2DC-D9973BF11214}.Release|Any CPU.Build.0 = Release|Any CPU
		{789405B0-97B8-4F09-8434-9185D785BA5C}.Debug|Any CPU.ActiveCfg = Debug|Any CPU
		{789405B0-97B8-4F09-8434-9185D785BA5C}.Debug|Any CPU.Build.0 = Debug|Any CPU
		{789405B0-97B8-4F09-8434-9185D785BA5C}.Release|Any CPU.ActiveCfg = Release|Any CPU
		{789405B0-97B8-4F09-8434-9185D785BA5C}.Release|Any CPU.Build.0 = Release|Any CPU
		{158B901D-E3BE-478C-8C41-9160EBA5D84C}.Debug|Any CPU.ActiveCfg = Debug|Any CPU
		{158B901D-E3BE-478C-8C41-9160EBA5D84C}.Debug|Any CPU.Build.0 = Debug|Any CPU
		{158B901D-E3BE-478C-8C41-9160EBA5D84C}.Release|Any CPU.ActiveCfg = Release|Any CPU
		{158B901D-E3BE-478C-8C41-9160EBA5D84C}.Release|Any CPU.Build.0 = Release|Any CPU
	EndGlobalSection
	GlobalSection(SolutionProperties) = preSolution
		HideSolutionNode = FALSE
	EndGlobalSection
	GlobalSection(ExtensibilityGlobals) = postSolution
		SolutionGuid = {65753011-D1A1-496A-B98A-C7F3DB50B03C}
	EndGlobalSection
EndGlobal
